dependencies:
- name: gitlab
  repository: ""
  version: '*.*.*'
- name: certmanager-issuer
  repository: ""
  version: '*.*.*'
- name: minio
  repository: ""
  version: '*.*.*'
- name: registry
  repository: ""
  version: '*.*.*'
- name: cert-manager
  repository: https://charts.jetstack.io/
  version: v1.12.9
- name: prometheus
  repository: https://prometheus-community.github.io/helm-charts
  version: 15.18.0
- name: postgresql
  repository: https://charts.bitnami.com/bitnami
  version: 12.5.2
- name: gitlab-runner
  repository: https://charts.gitlab.io/
  version: 0.64.0
- name: redis
  repository: https://charts.bitnami.com/bitnami
  version: 16.13.2
- name: nginx-ingress
  repository: ""
  version: '*.*.*'
- name: nginx-ingress
  repository: ""
  version: '*.*.*'
- name: gitlab-zoekt
  repository: https://charts.gitlab.io/
  version: 1.1.1
- name: traefik
  repository: https://helm.traefik.io/traefik
  version: 10.19.4
- name: kubernetes-ingress
  repository: https://haproxytech.github.io/helm-charts
  version: 1.32.0
digest: sha256:9e9ed203de2c3ebf7554a97d1618c5dbb0b944a7579e7765bc7a2dfc64e0a3ab
generated: "2024-05-08T08:41:38.250210766Z"
